// !$*UTF8*$!
{
	archiveVersion = 1;
	classes = {
	};
	objectVersion = 55;
	objects = {

/* Begin PBXBuildFile section */
		C17327B92775F42D00738D09 /* AppDelegate.swift in Sources */ = {isa = PBXBuildFile; fileRef = C17327B82775F42D00738D09 /* AppDelegate.swift */; };
		C17327BB2775F42D00738D09 /* SceneDelegate.swift in Sources */ = {isa = PBXBuildFile; fileRef = C17327BA2775F42D00738D09 /* SceneDelegate.swift */; };
		C17327BD2775F42D00738D09 /* ViewController.swift in Sources */ = {isa = PBXBuildFile; fileRef = C17327BC2775F42D00738D09 /* ViewController.swift */; };
		C17327C02775F42D00738D09 /* Main.storyboard in Resources */ = {isa = PBXBuildFile; fileRef = C17327BE2775F42D00738D09 /* Main.storyboard */; };
		C17327C22775F43000738D09 /* Assets.xcassets in Resources */ = {isa = PBXBuildFile; fileRef = C17327C12775F43000738D09 /* Assets.xcassets */; };
		C17327C52775F43000738D09 /* LaunchScreen.storyboard in Resources */ = {isa = PBXBuildFile; fileRef = C17327C32775F43000738D09 /* LaunchScreen.storyboard */; };
		C17327D52775F86400738D09 /* DynamicProtocols.swift in Sources */ = {isa = PBXBuildFile; fileRef = C17327D42775F86400738D09 /* DynamicProtocols.swift */; };
		C17327D72775F90300738D09 /* DynamicModel.swift in Sources */ = {isa = PBXBuildFile; fileRef = C17327D62775F90300738D09 /* DynamicModel.swift */; };
		C17327D92775F9FC00738D09 /* DynamicRouter.swift in Sources */ = {isa = PBXBuildFile; fileRef = C17327D82775F9FC00738D09 /* DynamicRouter.swift */; };
		C17327DB2775FADD00738D09 /* DynamicPresenter.swift in Sources */ = {isa = PBXBuildFile; fileRef = C17327DA2775FADD00738D09 /* DynamicPresenter.swift */; };
		C17327DD2776408300738D09 /* MainTableViewCell.swift in Sources */ = {isa = PBXBuildFile; fileRef = C17327DC2776408300738D09 /* MainTableViewCell.swift */; };
/* End PBXBuildFile section */

/* Begin PBXFileReference section */
		C17327B52775F42D00738D09 /* TTop_Sample.app */ = {isa = PBXFileReference; explicitFileType = wrapper.application; includeInIndex = 0; path = TTop_Sample.app; sourceTree = BUILT_PRODUCTS_DIR; };
		C17327B82775F42D00738D09 /* AppDelegate.swift */ = {isa = PBXFileReference; lastKnownFileType = sourcecode.swift; path = AppDelegate.swift; sourceTree = "<group>"; };
		C17327BA2775F42D00738D09 /* SceneDelegate.swift */ = {isa = PBXFileReference; lastKnownFileType = sourcecode.swift; path = SceneDelegate.swift; sourceTree = "<group>"; };
		C17327BC2775F42D00738D09 /* ViewController.swift */ = {isa = PBXFileReference; lastKnownFileType = sourcecode.swift; path = ViewController.swift; sourceTree = "<group>"; };
		C17327BF2775F42D00738D09 /* Base */ = {isa = PBXFileReference; lastKnownFileType = file.storyboard; name = Base; path = Base.lproj/Main.storyboard; sourceTree = "<group>"; };
		C17327C12775F43000738D09 /* Assets.xcassets */ = {isa = PBXFileReference; lastKnownFileType = folder.assetcatalog; path = Assets.xcassets; sourceTree = "<group>"; };
		C17327C42775F43000738D09 /* Base */ = {isa = PBXFileReference; lastKnownFileType = file.storyboard; name = Base; path = Base.lproj/LaunchScreen.storyboard; sourceTree = "<group>"; };
		C17327C62775F43000738D09 /* Info.plist */ = {isa = PBXFileReference; lastKnownFileType = text.plist.xml; path = Info.plist; sourceTree = "<group>"; };
		C17327D42775F86400738D09 /* DynamicProtocols.swift */ = {isa = PBXFileReference; lastKnownFileType = sourcecode.swift; path = DynamicProtocols.swift; sourceTree = "<group>"; };
		C17327D62775F90300738D09 /* DynamicModel.swift */ = {isa = PBXFileReference; lastKnownFileType = sourcecode.swift; path = DynamicModel.swift; sourceTree = "<group>"; };
		C17327D82775F9FC00738D09 /* DynamicRouter.swift */ = {isa = PBXFileReference; lastKnownFileType = sourcecode.swift; path = DynamicRouter.swift; sourceTree = "<group>"; };
		C17327DA2775FADD00738D09 /* DynamicPresenter.swift */ = {isa = PBXFileReference; lastKnownFileType = sourcecode.swift; path = DynamicPresenter.swift; sourceTree = "<group>"; };
		C17327DC2776408300738D09 /* MainTableViewCell.swift */ = {isa = PBXFileReference; lastKnownFileType = sourcecode.swift; path = MainTableViewCell.swift; sourceTree = "<group>"; };
/* End PBXFileReference section */

/* Begin PBXFrameworksBuildPhase section */
		C17327B22775F42D00738D09 /* Frameworks */ = {
			isa = PBXFrameworksBuildPhase;
			buildActionMask = 2147483647;
			files = (
			);
			runOnlyForDeploymentPostprocessing = 0;
		};
/* End PBXFrameworksBuildPhase section */

/* Begin PBXGroup section */
		C17327AC2775F42D00738D09 = {
			isa = PBXGroup;
			children = (
				C17327B72775F42D00738D09 /* TTop_Sample */,
				C17327B62775F42D00738D09 /* Products */,
			);
			sourceTree = "<group>";
		};
		C17327B62775F42D00738D09 /* Products */ = {
			isa = PBXGroup;
			children = (
				C17327B52775F42D00738D09 /* TTop_Sample.app */,
			);
			name = Products;
			sourceTree = "<group>";
		};
		C17327B72775F42D00738D09 /* TTop_Sample */ = {
			isa = PBXGroup;
			children = (
				C17327C62775F43000738D09 /* Info.plist */,
				C17327D12775F61100738D09 /* AppMain */,
				C17327CE2775F51C00738D09 /* View */,
				C17327BC2775F42D00738D09 /* ViewController.swift */,
				C17327CF2775F52500738D09 /* Interactor */,
				C17327CD2775F51300738D09 /* Presenter */,
				C17327CC2775F4FC00738D09 /* Entity */,
				C17327D02775F55E00738D09 /* Router */,
				C17327D32775F80000738D09 /* Protocols */,
				C17327BE2775F42D00738D09 /* Main.storyboard */,
				C17327C12775F43000738D09 /* Assets.xcassets */,
				C17327C32775F43000738D09 /* LaunchScreen.storyboard */,
			);
			path = TTop_Sample;
			sourceTree = "<group>";
		};
		C17327CC2775F4FC00738D09 /* Entity */ = {
			isa = PBXGroup;
			children = (
				C17327D62775F90300738D09 /* DynamicModel.swift */,
			);
			path = Entity;
			sourceTree = "<group>";
		};
		C17327CD2775F51300738D09 /* Presenter */ = {
			isa = PBXGroup;
			children = (
				C17327DA2775FADD00738D09 /* DynamicPresenter.swift */,
			);
			path = Presenter;
			sourceTree = "<group>";
		};
		C17327CE2775F51C00738D09 /* View */ = {
			isa = PBXGroup;
			children = (
				C17327D22775F66100738D09 /* Cells */,
			);
			path = View;
			sourceTree = "<group>";
		};
		C17327CF2775F52500738D09 /* Interactor */ = {
			isa = PBXGroup;
			children = (
			);
			path = Interactor;
			sourceTree = "<group>";
		};
		C17327D02775F55E00738D09 /* Router */ = {
			isa = PBXGroup;
			children = (
				C17327D82775F9FC00738D09 /* DynamicRouter.swift */,
			);
			path = Router;
			sourceTree = "<group>";
		};
		C17327D12775F61100738D09 /* AppMain */ = {
			isa = PBXGroup;
			children = (
				C17327BA2775F42D00738D09 /* SceneDelegate.swift */,
				C17327B82775F42D00738D09 /* AppDelegate.swift */,
			);
			path = AppMain;
			sourceTree = "<group>";
		};
		C17327D22775F66100738D09 /* Cells */ = {
			isa = PBXGroup;
			children = (
				C17327DC2776408300738D09 /* MainTableViewCell.swift */,
			);
			path = Cells;
			sourceTree = "<group>";
		};
		C17327D32775F80000738D09 /* Protocols */ = {
			isa = PBXGroup;
			children = (
				C17327D42775F86400738D09 /* DynamicProtocols.swift */,
			);
			path = Protocols;
			sourceTree = "<group>";
		};
/* End PBXGroup section */

/* Begin PBXNativeTarget section */
		C17327B42775F42D00738D09 /* TTop_Sample */ = {
			isa = PBXNativeTarget;
			buildConfigurationList = C17327C92775F43000738D09 /* Build configuration list for PBXNativeTarget "TTop_Sample" */;
			buildPhases = (
				C17327B12775F42D00738D09 /* Sources */,
				C17327B22775F42D00738D09 /* Frameworks */,
				C17327B32775F42D00738D09 /* Resources */,
			);
			buildRules = (
			);
			dependencies = (
			);
			name = TTop_Sample;
			productName = TTop_Sample;
			productReference = C17327B52775F42D00738D09 /* TTop_Sample.app */;
			productType = "com.apple.product-type.application";
		};
/* End PBXNativeTarget section */

/* Begin PBXProject section */
		C17327AD2775F42D00738D09 /* Project object */ = {
			isa = PBXProject;
			attributes = {
				BuildIndependentTargetsInParallel = 1;
				LastSwiftUpdateCheck = 1310;
				LastUpgradeCheck = 1310;
				TargetAttributes = {
					C17327B42775F42D00738D09 = {
						CreatedOnToolsVersion = 13.1;
					};
				};
			};
			buildConfigurationList = C17327B02775F42D00738D09 /* Build configuration list for PBXProject "TTop_Sample" */;
			compatibilityVersion = "Xcode 13.0";
			developmentRegion = en;
			hasScannedForEncodings = 0;
			knownRegions = (
				en,
				Base,
			);
			mainGroup = C17327AC2775F42D00738D09;
			productRefGroup = C17327B62775F42D00738D09 /* Products */;
			projectDirPath = "";
			projectRoot = "";
			targets = (
				C17327B42775F42D00738D09 /* TTop_Sample */,
			);
		};
/* End PBXProject section */

/* Begin PBXResourcesBuildPhase section */
		C17327B32775F42D00738D09 /* Resources */ = {
			isa = PBXResourcesBuildPhase;
			buildActionMask = 2147483647;
			files = (
				C17327C52775F43000738D09 /* LaunchScreen.storyboard in Resources */,
				C17327C22775F43000738D09 /* Assets.xcassets in Resources */,
				C17327C02775F42D00738D09 /* Main.storyboard in Resources */,
			);
			runOnlyForDeploymentPostprocessing = 0;
		};
/* End PBXResourcesBuildPhase section */

/* Begin PBXSourcesBuildPhase section */
		C17327B12775F42D00738D09 /* Sources */ = {
			isa = PBXSourcesBuildPhase;
			buildActionMask = 2147483647;
			files = (
				C17327BD2775F42D00738D09 /* ViewController.swift in Sources */,
				C17327B92775F42D00738D09 /* AppDelegate.swift in Sources */,
				C17327DD2776408300738D09 /* MainTableViewCell.swift in Sources */,
				C17327D92775F9FC00738D09 /* DynamicRouter.swift in Sources */,
				C17327DB2775FADD00738D09 /* DynamicPresenter.swift in Sources */,
				C17327BB2775F42D00738D09 /* SceneDelegate.swift in Sources */,
				C17327D52775F86400738D09 /* DynamicProtocols.swift in Sources */,
				C17327D72775F90300738D09 /* DynamicModel.swift in Sources */,
			);
			runOnlyForDeploymentPostprocessing = 0;
		};
/* End PBXSourcesBuildPhase section */

/* Begin PBXVariantGroup section */
		C17327BE2775F42D00738D09 /* Main.storyboard */ = {
			isa = PBXVariantGroup;
			children = (
				C17327BF2775F42D00738D09 /* Base */,
			);
			name = Main.storyboard;
			sourceTree = "<group>";
		};
		C17327C32775F43000738D09 /* LaunchScreen.storyboard */ = {
			isa = PBXVariantGroup;
			children = (
				C17327C42775F43000738D09 /* Base */,
			);
			name = LaunchScreen.storyboard;
			sourceTree = "<group>";
		};
/* End PBXVariantGroup section */

/* Begin XCBuildConfiguration section */
		C17327C72775F43000738D09 /* Debug */ = {
			isa = XCBuildConfiguration;
			buildSettings = {
				ALWAYS_SEARCH_USER_PATHS = NO;
				CLANG_ANALYZER_NONNULL = YES;
				CLANG_ANALYZER_NUMBER_OBJECT_CONVERSION = YES_AGGRESSIVE;
				CLANG_CXX_LANGUAGE_STANDARD = "gnu++17";
				CLANG_CXX_LIBRARY = "libc++";
				CLANG_ENABLE_MODULES = YES;
				CLANG_ENABLE_OBJC_ARC = YES;
				CLANG_ENABLE_OBJC_WEAK = YES;
				CLANG_WARN_BLOCK_CAPTURE_AUTORELEASING = YES;
				CLANG_WARN_BOOL_CONVERSION = YES;
				CLANG_WARN_COMMA = YES;
				CLANG_WARN_CONSTANT_CONVERSION = YES;
				CLANG_WARN_DEPRECATED_OBJC_IMPLEMENTATIONS = YES;
				CLANG_WARN_DIRECT_OBJC_ISA_USAGE = YES_ERROR;
				CLANG_WARN_DOCUMENTATION_COMMENTS = YES;
				CLANG_WARN_EMPTY_BODY = YES;
				CLANG_WARN_ENUM_CONVERSION = YES;
				CLANG_WARN_INFINITE_RECURSION = YES;
				CLANG_WARN_INT_CONVERSION = YES;
				CLANG_WARN_NON_LITERAL_NULL_CONVERSION = YES;
				CLANG_WARN_OBJC_IMPLICIT_RETAIN_SELF = YES;
				CLANG_WARN_OBJC_LITERAL_CONVERSION = YES;
				CLANG_WARN_OBJC_ROOT_CLASS = YES_ERROR;
				CLANG_WARN_QUOTED_INCLUDE_IN_FRAMEWORK_HEADER = YES;
				CLANG_WARN_RANGE_LOOP_ANALYSIS = YES;
				CLANG_WARN_STRICT_PROTOTYPES = YES;
				CLANG_WARN_SUSPICIOUS_MOVE = YES;
				CLANG_WARN_UNGUARDED_AVAILABILITY = YES_AGGRESSIVE;
				CLANG_WARN_UNREACHABLE_CODE = YES;
				CLANG_WARN__DUPLICATE_METHOD_MATCH = YES;
				COPY_PHASE_STRIP = NO;
				DEBUG_INFORMATION_FORMAT = dwarf;
				ENABLE_STRICT_OBJC_MSGSEND = YES;
				ENABLE_TESTABILITY = YES;
				GCC_C_LANGUAGE_STANDARD = gnu11;
				GCC_DYNAMIC_NO_PIC = NO;
				GCC_NO_COMMON_BLOCKS = YES;
				GCC_OPTIMIZATION_LEVEL = 0;
				GCC_PREPROCESSOR_DEFINITIONS = (
					"DEBUG=1",
					"$(inherited)",
				);
				GCC_WARN_64_TO_32_BIT_CONVERSION = YES;
				GCC_WARN_ABOUT_RETURN_TYPE = YES_ERROR;
				GCC_WARN_UNDECLARED_SELECTOR = YES;
				GCC_WARN_UNINITIALIZED_AUTOS = YES_AGGRESSIVE;
				GCC_WARN_UNUSED_FUNCTION = YES;
				GCC_WARN_UNUSED_VARIABLE = YES;
				IPHONEOS_DEPLOYMENT_TARGET = 15.0;
				MTL_ENABLE_DEBUG_INFO = INCLUDE_SOURCE;
				MTL_FAST_MATH = YES;
				ONLY_ACTIVE_ARCH = YES;
				SDKROOT = iphoneos;
				SWIFT_ACTIVE_COMPILATION_CONDITIONS = DEBUG;
				SWIFT_OPTIMIZATION_LEVEL = "-Onone";
			};
			name = Debug;
		};
		C17327C82775F43000738D09 /* Release */ = {
			isa = XCBuildConfiguration;
			buildSettings = {
				ALWAYS_SEARCH_USER_PATHS = NO;
				CLANG_ANALYZER_NONNULL = YES;
				CLANG_ANALYZER_NUMBER_OBJECT_CONVERSION = YES_AGGRESSIVE;
				CLANG_CXX_LANGUAGE_STANDARD = "gnu++17";
				CLANG_CXX_LIBRARY = "libc++";
				CLANG_ENABLE_MODULES = YES;
				CLANG_ENABLE_OBJC_ARC = YES;
				CLANG_ENABLE_OBJC_WEAK = YES;
				CLANG_WARN_BLOCK_CAPTURE_AUTORELEASING = YES;
				CLANG_WARN_BOOL_CONVERSION = YES;
				CLANG_WARN_COMMA = YES;
				CLANG_WARN_CONSTANT_CONVERSION = YES;
				CLANG_WARN_DEPRECATED_OBJC_IMPLEMENTATIONS = YES;
				CLANG_WARN_DIRECT_OBJC_ISA_USAGE = YES_ERROR;
				CLANG_WARN_DOCUMENTATION_COMMENTS = YES;
				CLANG_WARN_EMPTY_BODY = YES;
				CLANG_WARN_ENUM_CONVERSION = YES;
				CLANG_WARN_INFINITE_RECURSION = YES;
				CLANG_WARN_INT_CONVERSION = YES;
				CLANG_WARN_NON_LITERAL_NULL_CONVERSION = YES;
				CLANG_WARN_OBJC_IMPLICIT_RETAIN_SELF = YES;
				CLANG_WARN_OBJC_LITERAL_CONVERSION = YES;
				CLANG_WARN_OBJC_ROOT_CLASS = YES_ERROR;
				CLANG_WARN_QUOTED_INCLUDE_IN_FRAMEWORK_HEADER = YES;
				CLANG_WARN_RANGE_LOOP_ANALYSIS = YES;
				CLANG_WARN_STRICT_PROTOTYPES = YES;
				CLANG_WARN_SUSPICIOUS_MOVE = YES;
				CLANG_WARN_UNGUARDED_AVAILABILITY = YES_AGGRESSIVE;
				CLANG_WARN_UNREACHABLE_CODE = YES;
				CLANG_WARN__DUPLICATE_METHOD_MATCH = YES;
				COPY_PHASE_STRIP = NO;
				DEBUG_INFORMATION_FORMAT = "dwarf-with-dsym";
				ENABLE_NS_ASSERTIONS = NO;
				ENABLE_STRICT_OBJC_MSGSEND = YES;
				GCC_C_LANGUAGE_STANDARD = gnu11;
				GCC_NO_COMMON_BLOCKS = YES;
				GCC_WARN_64_TO_32_BIT_CONVERSION = YES;
				GCC_WARN_ABOUT_RETURN_TYPE = YES_ERROR;
				GCC_WARN_UNDECLARED_SELECTOR = YES;
				GCC_WARN_UNINITIALIZED_AUTOS = YES_AGGRESSIVE;
				GCC_WARN_UNUSED_FUNCTION = YES;
				GCC_WARN_UNUSED_VARIABLE = YES;
				IPHONEOS_DEPLOYMENT_TARGET = 15.0;
				MTL_ENABLE_DEBUG_INFO = NO;
				MTL_FAST_MATH = YES;
				SDKROOT = iphoneos;
				SWIFT_COMPILATION_MODE = wholemodule;
				SWIFT_OPTIMIZATION_LEVEL = "-O";
				VALIDATE_PRODUCT = YES;
			};
			name = Release;
		};
		C17327CA2775F43000738D09 /* Debug */ = {
			isa = XCBuildConfiguration;
			buildSettings = {
				ASSETCATALOG_COMPILER_APPICON_NAME = AppIcon;
				ASSETCATALOG_COMPILER_GLOBAL_ACCENT_COLOR_NAME = AccentColor;
				CODE_SIGN_STYLE = Automatic;
				CURRENT_PROJECT_VERSION = 1;
				DEVELOPMENT_TEAM = 8D7652D65G;
				GENERATE_INFOPLIST_FILE = YES;
				INFOPLIST_FILE = TTop_Sample/Info.plist;
				INFOPLIST_KEY_UIApplicationSupportsIndirectInputEvents = YES;
				INFOPLIST_KEY_UILaunchStoryboardName = LaunchScreen;
				INFOPLIST_KEY_UIMainStoryboardFile = Main;
				INFOPLIST_KEY_UISupportedInterfaceOrientations_iPad = "UIInterfaceOrientationPortrait UIInterfaceOrientationPortraitUpsideDown UIInterfaceOrientationLandscapeLeft UIInterfaceOrientationLandscapeRight";
				INFOPLIST_KEY_UISupportedInterfaceOrientations_iPhone = "UIInterfaceOrientationPortrait UIInterfaceOrientationLandscapeLeft UIInterfaceOrientationLandscapeRight";
				LD_RUNPATH_SEARCH_PATHS = (
					"$(inherited)",
					"@executable_path/Frameworks",
				);
				MARKETING_VERSION = 1.0;
				PRODUCT_BUNDLE_IDENTIFIER = "com.imdvp.TTop-Sample";
				PRODUCT_NAME = "$(TARGET_NAME)";
				SWIFT_EMIT_LOC_STRINGS = YES;
				SWIFT_VERSION = 5.0;
				TARGETED_DEVICE_FAMILY = 1;
			};
			name = Debug;
		};
		C17327CB2775F43000738D09 /* Release */ = {
			isa = XCBuildConfiguration;
			buildSettings = {
				ASSETCATALOG_COMPILER_APPICON_NAME = AppIcon;
				ASSETCATALOG_COMPILER_GLOBAL_ACCENT_COLOR_NAME = AccentColor;
				CODE_SIGN_STYLE = Automatic;
				CURRENT_PROJECT_VERSION = 1;
				DEVELOPMENT_TEAM = 8D7652D65G;
				GENERATE_INFOPLIST_FILE = YES;
				INFOPLIST_FILE = TTop_Sample/Info.plist;
				INFOPLIST_KEY_UIApplicationSupportsIndirectInputEvents = YES;
				INFOPLIST_KEY_UILaunchStoryboardName = LaunchScreen;
				INFOPLIST_KEY_UIMainStoryboardFile = Main;
				INFOPLIST_KEY_UISupportedInterfaceOrientations_iPad = "UIInterfaceOrientationPortrait UIInterfaceOrientationPortraitUpsideDown UIInterfaceOrientationLandscapeLeft UIInterfaceOrientationLandscapeRight";
				INFOPLIST_KEY_UISupportedInterfaceOrientations_iPhone = "UIInterfaceOrientationPortrait UIInterfaceOrientationLandscapeLeft UIInterfaceOrientationLandscapeRight";
				LD_RUNPATH_SEARCH_PATHS = (
					"$(inherited)",
					"@executable_path/Frameworks",
				);
				MARKETING_VERSION = 1.0;
				PRODUCT_BUNDLE_IDENTIFIER = "com.imdvp.TTop-Sample";
				PRODUCT_NAME = "$(TARGET_NAME)";
				SWIFT_EMIT_LOC_STRINGS = YES;
				SWIFT_VERSION = 5.0;
				TARGETED_DEVICE_FAMILY = 1;
			};
			name = Release;
		};
/* End XCBuildConfiguration section */

/* Begin XCConfigurationList section */
		C17327B02775F42D00738D09 /* Build configuration list for PBXProject "TTop_Sample" */ = {
			isa = XCConfigurationList;
			buildConfigurations = (
				C17327C72775F43000738D09 /* Debug */,
				C17327C82775F43000738D09 /* Release */,
			);
			defaultConfigurationIsVisible = 0;
			defaultConfigurationName = Release;
		};
		C17327C92775F43000738D09 /* Build configuration list for PBXNativeTarget "TTop_Sample" */ = {
			isa = XCConfigurationList;
			buildConfigurations = (
				C17327CA2775F43000738D09 /* Debug */,
				C17327CB2775F43000738D09 /* Release */,
			);
			defaultConfigurationIsVisible = 0;
			defaultConfigurationName = Release;
		};
/* End XCConfigurationList section */
	};
	rootObject = C17327AD2775F42D00738D09 /* Project object */;
}
